
Microsoft Visual Studio Solution File, Format Version 12.00
# Visual Studio 14
VisualStudioVersion = 14.0.23107.0
MinimumVisualStudioVersion = 10.0.40219.1
Project("{FAE04EC0-301F-11D3-BF4B-00C04F79EFBC}") = "PSGitHubApi", "PSGitHubApi\PSGitHubApi.csproj", "{60579C1D-D9EA-4BBF-A411-F8189E5580CC}"
EndProject
Global
	GlobalSection(SolutionConfigurationPlatforms) = preSolution
		Debug|Any CPU = Debug|Any CPU
		Release|Any CPU = Release|Any CPU
	EndGlobalSection
	GlobalSection(ProjectConfigurationPlatforms) = postSolution
		{60579C1D-D9EA-4BBF-A411-F8189E5580CC}.Debug|Any CPU.ActiveCfg = Debug|Any CPU
		{60579C1D-D9EA-4BBF-A411-F8189E5580CC}.Debug|Any CPU.Build.0 = Debug|Any CPU
		{60579C1D-D9EA-4BBF-A411-F8189E5580CC}.Release|Any CPU.ActiveCfg = Release|Any CPU
		{60579C1D-D9EA-4BBF-A411-F8189E5580CC}.Release|Any CPU.Build.0 = Release|Any CPU
	EndGlobalSection
	GlobalSection(SolutionProperties) = preSolution
		HideSolutionNode = FALSE
	EndGlobalSection
EndGlobal
